
Microsoft Visual Studio Solution File, Format Version 12.00
# Visual Studio Version 17
VisualStudioVersion = 17.4.33213.308
MinimumVisualStudioVersion = 10.0.40219.1
Project("{FAE04EC0-301F-11D3-BF4B-00C04F79EFBC}") = "PaymentAppATDD.API", "PaymentAppATDD.API\PaymentAppATDD.API.csproj", "{C47149B2-1FCB-49BA-9239-876D7B1728DB}"
EndProject
Project("{FAE04EC0-301F-11D3-BF4B-00C04F79EFBC}") = "PaymentAppATDD.Tests", "PaymentAppATDD.Tests\PaymentAppATDD.Tests.csproj", "{C3403D04-B320-4BD3-92D0-C5F5E69EA2D6}"
EndProject
Global
	GlobalSection(SolutionConfigurationPlatforms) = preSolution
		Debug|Any CPU = Debug|Any CPU
		Release|Any CPU = Release|Any CPU
	EndGlobalSection
	GlobalSection(ProjectConfigurationPlatforms) = postSolution
		{C47149B2-1FCB-49BA-9239-876D7B1728DB}.Debug|Any CPU.ActiveCfg = Debug|Any CPU
		{C47149B2-1FCB-49BA-9239-876D7B1728DB}.Debug|Any CPU.Build.0 = Debug|Any CPU
		{C47149B2-1FCB-49BA-9239-876D7B1728DB}.Release|Any CPU.ActiveCfg = Release|Any CPU
		{C47149B2-1FCB-49BA-9239-876D7B1728DB}.Release|Any CPU.Build.0 = Release|Any CPU
		{C3403D04-B320-4BD3-92D0-C5F5E69EA2D6}.Debug|Any CPU.ActiveCfg = Debug|Any CPU
		{C3403D04-B320-4BD3-92D0-C5F5E69EA2D6}.Debug|Any CPU.Build.0 = Debug|Any CPU
		{C3403D04-B320-4BD3-92D0-C5F5E69EA2D6}.Release|Any CPU.ActiveCfg = Release|Any CPU
		{C3403D04-B320-4BD3-92D0-C5F5E69EA2D6}.Release|Any CPU.Build.0 = Release|Any CPU
	EndGlobalSection
	GlobalSection(SolutionProperties) = preSolution
		HideSolutionNode = FALSE
	EndGlobalSection
	GlobalSection(ExtensibilityGlobals) = postSolution
		SolutionGuid = {902C0EF4-0EE1-4BB9-9457-AA0378B00F73}
	EndGlobalSection
EndGlobal
